
Microsoft Visual Studio Solution File, Format Version 12.00
# Visual Studio Version 17
VisualStudioVersion = 17.2.32616.157
MinimumVisualStudioVersion = 10.0.40219.1
Project("{8BC9CEB8-8B4A-11D0-8D11-00A0C91BC942}") = "SelfStudy_C", "SelfStudy_C\SelfStudy_C.vcxproj", "{F2A64D1C-8706-4060-A208-411AB3BBABEA}"
EndProject
Global
	GlobalSection(SolutionConfigurationPlatforms) = preSolution
		Debug|x64 = Debug|x64
		Debug|x86 = Debug|x86
		Release|x64 = Release|x64
		Release|x86 = Release|x86
	EndGlobalSection
	GlobalSection(ProjectConfigurationPlatforms) = postSolution
		{F2A64D1C-8706-4060-A208-411AB3BBABEA}.Debug|x64.ActiveCfg = Debug|x64
		{F2A64D1C-8706-4060-A208-411AB3BBABEA}.Debug|x64.Build.0 = Debug|x64
		{F2A64D1C-8706-4060-A208-411AB3BBABEA}.Debug|x86.ActiveCfg = Debug|Win32
		{F2A64D1C-8706-4060-A208-411AB3BBABEA}.Debug|x86.Build.0 = Debug|Win32
		{F2A64D1C-8706-4060-A208-411AB3BBABEA}.Release|x64.ActiveCfg = Release|x64
		{F2A64D1C-8706-4060-A208-411AB3BBABEA}.Release|x64.Build.0 = Release|x64
		{F2A64D1C-8706-4060-A208-411AB3BBABEA}.Release|x86.ActiveCfg = Release|Win32
		{F2A64D1C-8706-4060-A208-411AB3BBABEA}.Release|x86.Build.0 = Release|Win32
	EndGlobalSection
	GlobalSection(SolutionProperties) = preSolution
		HideSolutionNode = FALSE
	EndGlobalSection
	GlobalSection(ExtensibilityGlobals) = postSolution
		SolutionGuid = {85BC148A-5A81-42E3-95C5-35F884739EF7}
	EndGlobalSection
EndGlobal
