<?xml version="1.0" encoding="utf-8"?>
<Project ToolsVersion="4.0" xmlns="http://schemas.microsoft.com/developer/msbuild/2003">
  <ItemGroup>
    <Filter Include="소스 파일">
      <UniqueIdentifier>{4FC737F1-C7A5-4376-A066-2A32D752A2FF}</UniqueIdentifier>
      <Extensions>cpp;c;cc;cxx;c++;cppm;ixx;def;odl;idl;hpj;bat;asm;asmx</Extensions>
    </Filter>
    <Filter Include="헤더 파일">
      <UniqueIdentifier>{93995380-89BD-4b04-88EB-625FBE52EBFB}</UniqueIdentifier>
      <Extensions>h;hh;hpp;hxx;h++;hm;inl;inc;ipp;xsd</Extensions>
    </Filter>
    <Filter Include="리소스 파일">
      <UniqueIdentifier>{67DA6AB6-F800-4c08-8B7A-83BB121AAD01}</UniqueIdentifier>
      <Extensions>rc;ico;cur;bmp;dlg;rc2;rct;bin;rgs;gif;jpg;jpeg;jpe;resx;tiff;tif;png;wav;mfcribbon-ms</Extensions>
    </Filter>
    <Filter Include="소스 파일\220808self">
      <UniqueIdentifier>{9be1d53a-e8c1-4064-b72c-07e66bf0e3f8}</UniqueIdentifier>
    </Filter>
    <Filter Include="소스 파일\220810self">
      <UniqueIdentifier>{aa1ab0bc-9ce9-497b-b32e-90c61a93afd6}</UniqueIdentifier>
    </Filter>
    <Filter Include="소스 파일\220813self">
      <UniqueIdentifier>{e7492406-22b9-47d9-97f9-138f0e4055c9}</UniqueIdentifier>
    </Filter>
  </ItemGroup>
  <ItemGroup>
    <ClCompile Include="0808_File01_hello.c">
      <Filter>소스 파일\220808self</Filter>
    </ClCompile>
    <ClCompile Include="0808_File02_print.c">
      <Filter>소스 파일\220808self</Filter>
    </ClCompile>
    <ClCompile Include="0810_File01_simpleOperator.c">
      <Filter>소스 파일\220810self</Filter>
    </ClCompile>
    <ClCompile Include="0813_File01_operator.c">
      <Filter>소스 파일\220813self</Filter>
    </ClCompile>
    <ClCompile Include="0813_File02_bitOperator.c">
      <Filter>소스 파일\220813self</Filter>
    </ClCompile>
  </ItemGroup>
</Project>